
Microsoft Visual Studio Solution File, Format Version 12.00
# Visual Studio Version 16
VisualStudioVersion = 16.0.28803.156
MinimumVisualStudioVersion = 10.0.40219.1
Project("{FAE04EC0-301F-11D3-BF4B-00C04F79EFBC}") = "CodeSnippetManager.UI", "CodeSnippetManager\CodeSnippetManager.UI.csproj", "{B4583A4A-FE2F-4D47-88D0-CC6F67AF9418}"
EndProject
Project("{FAE04EC0-301F-11D3-BF4B-00C04F79EFBC}") = "CodeSnippetManager.DataAccess", "CodeSnippetManager.Data\CodeSnippetManager.DataAccess.csproj", "{B948E9B0-8ED0-49D8-85BE-7A5D3C264C87}"
EndProject
Project("{FAE04EC0-301F-11D3-BF4B-00C04F79EFBC}") = "CodeSnippetManager.Model", "CodeSnippetManager.Model\CodeSnippetManager.Model.csproj", "{1EC679E2-7668-4F54-9AE1-E43A9E6BBEA0}"
EndProject
Global
	GlobalSection(SolutionConfigurationPlatforms) = preSolution
		Debug|Any CPU = Debug|Any CPU
		Release|Any CPU = Release|Any CPU
	EndGlobalSection
	GlobalSection(ProjectConfigurationPlatforms) = postSolution
		{B4583A4A-FE2F-4D47-88D0-CC6F67AF9418}.Debug|Any CPU.ActiveCfg = Debug|Any CPU
		{B4583A4A-FE2F-4D47-88D0-CC6F67AF9418}.Debug|Any CPU.Build.0 = Debug|Any CPU
		{B4583A4A-FE2F-4D47-88D0-CC6F67AF9418}.Release|Any CPU.ActiveCfg = Release|Any CPU
		{B4583A4A-FE2F-4D47-88D0-CC6F67AF9418}.Release|Any CPU.Build.0 = Release|Any CPU
		{B948E9B0-8ED0-49D8-85BE-7A5D3C264C87}.Debug|Any CPU.ActiveCfg = Debug|Any CPU
		{B948E9B0-8ED0-49D8-85BE-7A5D3C264C87}.Debug|Any CPU.Build.0 = Debug|Any CPU
		{B948E9B0-8ED0-49D8-85BE-7A5D3C264C87}.Release|Any CPU.ActiveCfg = Release|Any CPU
		{B948E9B0-8ED0-49D8-85BE-7A5D3C264C87}.Release|Any CPU.Build.0 = Release|Any CPU
		{1EC679E2-7668-4F54-9AE1-E43A9E6BBEA0}.Debug|Any CPU.ActiveCfg = Debug|Any CPU
		{1EC679E2-7668-4F54-9AE1-E43A9E6BBEA0}.Debug|Any CPU.Build.0 = Debug|Any CPU
		{1EC679E2-7668-4F54-9AE1-E43A9E6BBEA0}.Release|Any CPU.ActiveCfg = Release|Any CPU
		{1EC679E2-7668-4F54-9AE1-E43A9E6BBEA0}.Release|Any CPU.Build.0 = Release|Any CPU
	EndGlobalSection
	GlobalSection(SolutionProperties) = preSolution
		HideSolutionNode = FALSE
	EndGlobalSection
	GlobalSection(ExtensibilityGlobals) = postSolution
		SolutionGuid = {F0FDA739-C040-4523-9788-21D78316356D}
	EndGlobalSection
EndGlobal
